// !$*UTF8*$!
{
	archiveVersion = 1;
	classes = {
	};
	objectVersion = 50;
	objects = {

/* Begin PBXBuildFile section */
		70BDDE9427FD22A7009A4818 /* AppDelegate.swift in Sources */ = {isa = PBXBuildFile; fileRef = 70BDDE9327FD22A7009A4818 /* AppDelegate.swift */; };
		70BDDE9627FD22A7009A4818 /* SceneDelegate.swift in Sources */ = {isa = PBXBuildFile; fileRef = 70BDDE9527FD22A7009A4818 /* SceneDelegate.swift */; };
		70BDDE9D27FD22A8009A4818 /* Assets.xcassets in Resources */ = {isa = PBXBuildFile; fileRef = 70BDDE9C27FD22A8009A4818 /* Assets.xcassets */; };
		70BDDEA027FD22A8009A4818 /* LaunchScreen.storyboard in Resources */ = {isa = PBXBuildFile; fileRef = 70BDDE9E27FD22A8009A4818 /* LaunchScreen.storyboard */; };
		70BDDEA927FD22DB009A4818 /* MainTabbarController.swift in Sources */ = {isa = PBXBuildFile; fileRef = 70BDDEA827FD22DB009A4818 /* MainTabbarController.swift */; };
		70BDDEAB27FD2338009A4818 /* BaseViewController.swift in Sources */ = {isa = PBXBuildFile; fileRef = 70BDDEAA27FD2338009A4818 /* BaseViewController.swift */; };
		70BDDEAD27FD24C8009A4818 /* MainViewController.swift in Sources */ = {isa = PBXBuildFile; fileRef = 70BDDEAC27FD24C8009A4818 /* MainViewController.swift */; };
		70BDDEB027FD2513009A4818 /* BaseView.swift in Sources */ = {isa = PBXBuildFile; fileRef = 70BDDEAF27FD2513009A4818 /* BaseView.swift */; };
		70BDDEB227FD254D009A4818 /* MainView.swift in Sources */ = {isa = PBXBuildFile; fileRef = 70BDDEB127FD254D009A4818 /* MainView.swift */; };
		70BDDEB527FD25ED009A4818 /* ExRecordCell.swift in Sources */ = {isa = PBXBuildFile; fileRef = 70BDDEB427FD25ED009A4818 /* ExRecordCell.swift */; };
/* End PBXBuildFile section */

/* Begin PBXFileReference section */
		70BDDE9027FD22A7009A4818 /* MyExercise.app */ = {isa = PBXFileReference; explicitFileType = wrapper.application; includeInIndex = 0; path = MyExercise.app; sourceTree = BUILT_PRODUCTS_DIR; };
		70BDDE9327FD22A7009A4818 /* AppDelegate.swift */ = {isa = PBXFileReference; lastKnownFileType = sourcecode.swift; path = AppDelegate.swift; sourceTree = "<group>"; };
		70BDDE9527FD22A7009A4818 /* SceneDelegate.swift */ = {isa = PBXFileReference; lastKnownFileType = sourcecode.swift; path = SceneDelegate.swift; sourceTree = "<group>"; };
		70BDDE9C27FD22A8009A4818 /* Assets.xcassets */ = {isa = PBXFileReference; lastKnownFileType = folder.assetcatalog; path = Assets.xcassets; sourceTree = "<group>"; };
		70BDDE9F27FD22A8009A4818 /* Base */ = {isa = PBXFileReference; lastKnownFileType = file.storyboard; name = Base; path = Base.lproj/LaunchScreen.storyboard; sourceTree = "<group>"; };
		70BDDEA127FD22A8009A4818 /* Info.plist */ = {isa = PBXFileReference; lastKnownFileType = text.plist.xml; path = Info.plist; sourceTree = "<group>"; };
		70BDDEA827FD22DB009A4818 /* MainTabbarController.swift */ = {isa = PBXFileReference; lastKnownFileType = sourcecode.swift; path = MainTabbarController.swift; sourceTree = "<group>"; };
		70BDDEAA27FD2338009A4818 /* BaseViewController.swift */ = {isa = PBXFileReference; lastKnownFileType = sourcecode.swift; path = BaseViewController.swift; sourceTree = "<group>"; };
		70BDDEAC27FD24C8009A4818 /* MainViewController.swift */ = {isa = PBXFileReference; lastKnownFileType = sourcecode.swift; path = MainViewController.swift; sourceTree = "<group>"; };
		70BDDEAF27FD2513009A4818 /* BaseView.swift */ = {isa = PBXFileReference; lastKnownFileType = sourcecode.swift; path = BaseView.swift; sourceTree = "<group>"; };
		70BDDEB127FD254D009A4818 /* MainView.swift */ = {isa = PBXFileReference; lastKnownFileType = sourcecode.swift; path = MainView.swift; sourceTree = "<group>"; };
		70BDDEB427FD25ED009A4818 /* ExRecordCell.swift */ = {isa = PBXFileReference; lastKnownFileType = sourcecode.swift; path = ExRecordCell.swift; sourceTree = "<group>"; };
/* End PBXFileReference section */

/* Begin PBXFrameworksBuildPhase section */
		70BDDE8D27FD22A7009A4818 /* Frameworks */ = {
			isa = PBXFrameworksBuildPhase;
			buildActionMask = 2147483647;
			files = (
			);
			runOnlyForDeploymentPostprocessing = 0;
		};
/* End PBXFrameworksBuildPhase section */

/* Begin PBXGroup section */
		70BDDE8727FD22A7009A4818 = {
			isa = PBXGroup;
			children = (
				70BDDE9227FD22A7009A4818 /* MyExercise */,
				70BDDE9127FD22A7009A4818 /* Products */,
			);
			sourceTree = "<group>";
		};
		70BDDE9127FD22A7009A4818 /* Products */ = {
			isa = PBXGroup;
			children = (
				70BDDE9027FD22A7009A4818 /* MyExercise.app */,
			);
			name = Products;
			sourceTree = "<group>";
		};
		70BDDE9227FD22A7009A4818 /* MyExercise */ = {
			isa = PBXGroup;
			children = (
				70BDDEAE27FD250F009A4818 /* View */,
				70BDDEA727FD22C5009A4818 /* Controller */,
				70BDDE9327FD22A7009A4818 /* AppDelegate.swift */,
				70BDDE9527FD22A7009A4818 /* SceneDelegate.swift */,
				70BDDE9C27FD22A8009A4818 /* Assets.xcassets */,
				70BDDE9E27FD22A8009A4818 /* LaunchScreen.storyboard */,
				70BDDEA127FD22A8009A4818 /* Info.plist */,
			);
			path = MyExercise;
			sourceTree = "<group>";
		};
		70BDDEA727FD22C5009A4818 /* Controller */ = {
			isa = PBXGroup;
			children = (
				70BDDEA827FD22DB009A4818 /* MainTabbarController.swift */,
				70BDDEAA27FD2338009A4818 /* BaseViewController.swift */,
				70BDDEAC27FD24C8009A4818 /* MainViewController.swift */,
			);
			path = Controller;
			sourceTree = "<group>";
		};
		70BDDEAE27FD250F009A4818 /* View */ = {
			isa = PBXGroup;
			children = (
				70BDDEB327FD25D1009A4818 /* Cell */,
				70BDDEAF27FD2513009A4818 /* BaseView.swift */,
				70BDDEB127FD254D009A4818 /* MainView.swift */,
			);
			path = View;
			sourceTree = "<group>";
		};
		70BDDEB327FD25D1009A4818 /* Cell */ = {
			isa = PBXGroup;
			children = (
				70BDDEB427FD25ED009A4818 /* ExRecordCell.swift */,
			);
			path = Cell;
			sourceTree = "<group>";
		};
/* End PBXGroup section */

/* Begin PBXNativeTarget section */
		70BDDE8F27FD22A7009A4818 /* MyExercise */ = {
			isa = PBXNativeTarget;
			buildConfigurationList = 70BDDEA427FD22A8009A4818 /* Build configuration list for PBXNativeTarget "MyExercise" */;
			buildPhases = (
				70BDDE8C27FD22A7009A4818 /* Sources */,
				70BDDE8D27FD22A7009A4818 /* Frameworks */,
				70BDDE8E27FD22A7009A4818 /* Resources */,
			);
			buildRules = (
			);
			dependencies = (
			);
			name = MyExercise;
			productName = MyExercise;
			productReference = 70BDDE9027FD22A7009A4818 /* MyExercise.app */;
			productType = "com.apple.product-type.application";
		};
/* End PBXNativeTarget section */

/* Begin PBXProject section */
		70BDDE8827FD22A7009A4818 /* Project object */ = {
			isa = PBXProject;
			attributes = {
				LastSwiftUpdateCheck = 1250;
				LastUpgradeCheck = 1250;
				TargetAttributes = {
					70BDDE8F27FD22A7009A4818 = {
						CreatedOnToolsVersion = 12.5;
					};
				};
			};
			buildConfigurationList = 70BDDE8B27FD22A7009A4818 /* Build configuration list for PBXProject "MyExercise" */;
			compatibilityVersion = "Xcode 9.3";
			developmentRegion = en;
			hasScannedForEncodings = 0;
			knownRegions = (
				en,
				Base,
			);
			mainGroup = 70BDDE8727FD22A7009A4818;
			productRefGroup = 70BDDE9127FD22A7009A4818 /* Products */;
			projectDirPath = "";
			projectRoot = "";
			targets = (
				70BDDE8F27FD22A7009A4818 /* MyExercise */,
			);
		};
/* End PBXProject section */

/* Begin PBXResourcesBuildPhase section */
		70BDDE8E27FD22A7009A4818 /* Resources */ = {
			isa = PBXResourcesBuildPhase;
			buildActionMask = 2147483647;
			files = (
				70BDDEA027FD22A8009A4818 /* LaunchScreen.storyboard in Resources */,
				70BDDE9D27FD22A8009A4818 /* Assets.xcassets in Resources */,
			);
			runOnlyForDeploymentPostprocessing = 0;
		};
/* End PBXResourcesBuildPhase section */

/* Begin PBXSourcesBuildPhase section */
		70BDDE8C27FD22A7009A4818 /* Sources */ = {
			isa = PBXSourcesBuildPhase;
			buildActionMask = 2147483647;
			files = (
				70BDDE9427FD22A7009A4818 /* AppDelegate.swift in Sources */,
				70BDDEB527FD25ED009A4818 /* ExRecordCell.swift in Sources */,
				70BDDEB227FD254D009A4818 /* MainView.swift in Sources */,
				70BDDEAB27FD2338009A4818 /* BaseViewController.swift in Sources */,
				70BDDE9627FD22A7009A4818 /* SceneDelegate.swift in Sources */,
				70BDDEB027FD2513009A4818 /* BaseView.swift in Sources */,
				70BDDEA927FD22DB009A4818 /* MainTabbarController.swift in Sources */,
				70BDDEAD27FD24C8009A4818 /* MainViewController.swift in Sources */,
			);
			runOnlyForDeploymentPostprocessing = 0;
		};
/* End PBXSourcesBuildPhase section */

/* Begin PBXVariantGroup section */
		70BDDE9E27FD22A8009A4818 /* LaunchScreen.storyboard */ = {
			isa = PBXVariantGroup;
			children = (
				70BDDE9F27FD22A8009A4818 /* Base */,
			);
			name = LaunchScreen.storyboard;
			sourceTree = "<group>";
		};
/* End PBXVariantGroup section */

/* Begin XCBuildConfiguration section */
		70BDDEA227FD22A8009A4818 /* Debug */ = {
			isa = XCBuildConfiguration;
			buildSettings = {
				ALWAYS_SEARCH_USER_PATHS = NO;
				CLANG_ANALYZER_NONNULL = YES;
				CLANG_ANALYZER_NUMBER_OBJECT_CONVERSION = YES_AGGRESSIVE;
				CLANG_CXX_LANGUAGE_STANDARD = "gnu++14";
				CLANG_CXX_LIBRARY = "libc++";
				CLANG_ENABLE_MODULES = YES;
				CLANG_ENABLE_OBJC_ARC = YES;
				CLANG_ENABLE_OBJC_WEAK = YES;
				CLANG_WARN_BLOCK_CAPTURE_AUTORELEASING = YES;
				CLANG_WARN_BOOL_CONVERSION = YES;
				CLANG_WARN_COMMA = YES;
				CLANG_WARN_CONSTANT_CONVERSION = YES;
				CLANG_WARN_DEPRECATED_OBJC_IMPLEMENTATIONS = YES;
				CLANG_WARN_DIRECT_OBJC_ISA_USAGE = YES_ERROR;
				CLANG_WARN_DOCUMENTATION_COMMENTS = YES;
				CLANG_WARN_EMPTY_BODY = YES;
				CLANG_WARN_ENUM_CONVERSION = YES;
				CLANG_WARN_INFINITE_RECURSION = YES;
				CLANG_WARN_INT_CONVERSION = YES;
				CLANG_WARN_NON_LITERAL_NULL_CONVERSION = YES;
				CLANG_WARN_OBJC_IMPLICIT_RETAIN_SELF = YES;
				CLANG_WARN_OBJC_LITERAL_CONVERSION = YES;
				CLANG_WARN_OBJC_ROOT_CLASS = YES_ERROR;
				CLANG_WARN_QUOTED_INCLUDE_IN_FRAMEWORK_HEADER = YES;
				CLANG_WARN_RANGE_LOOP_ANALYSIS = YES;
				CLANG_WARN_STRICT_PROTOTYPES = YES;
				CLANG_WARN_SUSPICIOUS_MOVE = YES;
				CLANG_WARN_UNGUARDED_AVAILABILITY = YES_AGGRESSIVE;
				CLANG_WARN_UNREACHABLE_CODE = YES;
				CLANG_WARN__DUPLICATE_METHOD_MATCH = YES;
				COPY_PHASE_STRIP = NO;
				DEBUG_INFORMATION_FORMAT = dwarf;
				ENABLE_STRICT_OBJC_MSGSEND = YES;
				ENABLE_TESTABILITY = YES;
				GCC_C_LANGUAGE_STANDARD = gnu11;
				GCC_DYNAMIC_NO_PIC = NO;
				GCC_NO_COMMON_BLOCKS = YES;
				GCC_OPTIMIZATION_LEVEL = 0;
				GCC_PREPROCESSOR_DEFINITIONS = (
					"DEBUG=1",
					"$(inherited)",
				);
				GCC_WARN_64_TO_32_BIT_CONVERSION = YES;
				GCC_WARN_ABOUT_RETURN_TYPE = YES_ERROR;
				GCC_WARN_UNDECLARED_SELECTOR = YES;
				GCC_WARN_UNINITIALIZED_AUTOS = YES_AGGRESSIVE;
				GCC_WARN_UNUSED_FUNCTION = YES;
				GCC_WARN_UNUSED_VARIABLE = YES;
				IPHONEOS_DEPLOYMENT_TARGET = 14.5;
				MTL_ENABLE_DEBUG_INFO = INCLUDE_SOURCE;
				MTL_FAST_MATH = YES;
				ONLY_ACTIVE_ARCH = YES;
				SDKROOT = iphoneos;
				SWIFT_ACTIVE_COMPILATION_CONDITIONS = DEBUG;
				SWIFT_OPTIMIZATION_LEVEL = "-Onone";
			};
			name = Debug;
		};
		70BDDEA327FD22A8009A4818 /* Release */ = {
			isa = XCBuildConfiguration;
			buildSettings = {
				ALWAYS_SEARCH_USER_PATHS = NO;
				CLANG_ANALYZER_NONNULL = YES;
				CLANG_ANALYZER_NUMBER_OBJECT_CONVERSION = YES_AGGRESSIVE;
				CLANG_CXX_LANGUAGE_STANDARD = "gnu++14";
				CLANG_CXX_LIBRARY = "libc++";
				CLANG_ENABLE_MODULES = YES;
				CLANG_ENABLE_OBJC_ARC = YES;
				CLANG_ENABLE_OBJC_WEAK = YES;
				CLANG_WARN_BLOCK_CAPTURE_AUTORELEASING = YES;
				CLANG_WARN_BOOL_CONVERSION = YES;
				CLANG_WARN_COMMA = YES;
				CLANG_WARN_CONSTANT_CONVERSION = YES;
				CLANG_WARN_DEPRECATED_OBJC_IMPLEMENTATIONS = YES;
				CLANG_WARN_DIRECT_OBJC_ISA_USAGE = YES_ERROR;
				CLANG_WARN_DOCUMENTATION_COMMENTS = YES;
				CLANG_WARN_EMPTY_BODY = YES;
				CLANG_WARN_ENUM_CONVERSION = YES;
				CLANG_WARN_INFINITE_RECURSION = YES;
				CLANG_WARN_INT_CONVERSION = YES;
				CLANG_WARN_NON_LITERAL_NULL_CONVERSION = YES;
				CLANG_WARN_OBJC_IMPLICIT_RETAIN_SELF = YES;
				CLANG_WARN_OBJC_LITERAL_CONVERSION = YES;
				CLANG_WARN_OBJC_ROOT_CLASS = YES_ERROR;
				CLANG_WARN_QUOTED_INCLUDE_IN_FRAMEWORK_HEADER = YES;
				CLANG_WARN_RANGE_LOOP_ANALYSIS = YES;
				CLANG_WARN_STRICT_PROTOTYPES = YES;
				CLANG_WARN_SUSPICIOUS_MOVE = YES;
				CLANG_WARN_UNGUARDED_AVAILABILITY = YES_AGGRESSIVE;
				CLANG_WARN_UNREACHABLE_CODE = YES;
				CLANG_WARN__DUPLICATE_METHOD_MATCH = YES;
				COPY_PHASE_STRIP = NO;
				DEBUG_INFORMATION_FORMAT = "dwarf-with-dsym";
				ENABLE_NS_ASSERTIONS = NO;
				ENABLE_STRICT_OBJC_MSGSEND = YES;
				GCC_C_LANGUAGE_STANDARD = gnu11;
				GCC_NO_COMMON_BLOCKS = YES;
				GCC_WARN_64_TO_32_BIT_CONVERSION = YES;
				GCC_WARN_ABOUT_RETURN_TYPE = YES_ERROR;
				GCC_WARN_UNDECLARED_SELECTOR = YES;
				GCC_WARN_UNINITIALIZED_AUTOS = YES_AGGRESSIVE;
				GCC_WARN_UNUSED_FUNCTION = YES;
				GCC_WARN_UNUSED_VARIABLE = YES;
				IPHONEOS_DEPLOYMENT_TARGET = 14.5;
				MTL_ENABLE_DEBUG_INFO = NO;
				MTL_FAST_MATH = YES;
				SDKROOT = iphoneos;
				SWIFT_COMPILATION_MODE = wholemodule;
				SWIFT_OPTIMIZATION_LEVEL = "-O";
				VALIDATE_PRODUCT = YES;
			};
			name = Release;
		};
		70BDDEA527FD22A8009A4818 /* Debug */ = {
			isa = XCBuildConfiguration;
			buildSettings = {
				ASSETCATALOG_COMPILER_APPICON_NAME = AppIcon;
				ASSETCATALOG_COMPILER_GLOBAL_ACCENT_COLOR_NAME = AccentColor;
				CODE_SIGN_STYLE = Automatic;
				INFOPLIST_FILE = MyExercise/Info.plist;
				LD_RUNPATH_SEARCH_PATHS = (
					"$(inherited)",
					"@executable_path/Frameworks",
				);
				PRODUCT_BUNDLE_IDENTIFIER = Jun.MyExercise;
				PRODUCT_NAME = "$(TARGET_NAME)";
				SWIFT_VERSION = 5.0;
				TARGETED_DEVICE_FAMILY = "1,2";
			};
			name = Debug;
		};
		70BDDEA627FD22A8009A4818 /* Release */ = {
			isa = XCBuildConfiguration;
			buildSettings = {
				ASSETCATALOG_COMPILER_APPICON_NAME = AppIcon;
				ASSETCATALOG_COMPILER_GLOBAL_ACCENT_COLOR_NAME = AccentColor;
				CODE_SIGN_STYLE = Automatic;
				INFOPLIST_FILE = MyExercise/Info.plist;
				LD_RUNPATH_SEARCH_PATHS = (
					"$(inherited)",
					"@executable_path/Frameworks",
				);
				PRODUCT_BUNDLE_IDENTIFIER = Jun.MyExercise;
				PRODUCT_NAME = "$(TARGET_NAME)";
				SWIFT_VERSION = 5.0;
				TARGETED_DEVICE_FAMILY = "1,2";
			};
			name = Release;
		};
/* End XCBuildConfiguration section */

/* Begin XCConfigurationList section */
		70BDDE8B27FD22A7009A4818 /* Build configuration list for PBXProject "MyExercise" */ = {
			isa = XCConfigurationList;
			buildConfigurations = (
				70BDDEA227FD22A8009A4818 /* Debug */,
				70BDDEA327FD22A8009A4818 /* Release */,
			);
			defaultConfigurationIsVisible = 0;
			defaultConfigurationName = Release;
		};
		70BDDEA427FD22A8009A4818 /* Build configuration list for PBXNativeTarget "MyExercise" */ = {
			isa = XCConfigurationList;
			buildConfigurations = (
				70BDDEA527FD22A8009A4818 /* Debug */,
				70BDDEA627FD22A8009A4818 /* Release */,
			);
			defaultConfigurationIsVisible = 0;
			defaultConfigurationName = Release;
		};
/* End XCConfigurationList section */
	};
	rootObject = 70BDDE8827FD22A7009A4818 /* Project object */;
}
